
Microsoft Visual Studio Solution File, Format Version 12.00
# Visual Studio Version 17
VisualStudioVersion = 17.7.34024.191
MinimumVisualStudioVersion = 10.0.40219.1
Project("{9A19103F-16F7-4668-BE54-9A1E7A4F7556}") = "Travela.WebApi", "Travela.WebApi\Travela.WebApi.csproj", "{741B7C5C-03D2-4764-B33C-41F32F48F9B9}"
EndProject
Project("{9A19103F-16F7-4668-BE54-9A1E7A4F7556}") = "Travela.EntityLayer", "Travela.EntityLayer\Travela.EntityLayer.csproj", "{19BF2A13-9C25-405E-852D-D0D63E5564A5}"
EndProject
Project("{9A19103F-16F7-4668-BE54-9A1E7A4F7556}") = "Travela.DataAccesLayer", "Travela.DataAccesLayer\Travela.DataAccesLayer.csproj", "{05C86977-4BFC-410A-BCE3-4EA4DEF2BB11}"
EndProject
Project("{9A19103F-16F7-4668-BE54-9A1E7A4F7556}") = "Travela.BusinessLayer", "Travela.BusinessLayer\Travela.BusinessLayer.csproj", "{63861317-840C-4C04-ABB6-B3E8DC1D7584}"
EndProject
Project("{FAE04EC0-301F-11D3-BF4B-00C04F79EFBC}") = "Travela.WebUI", "Travela.WebUI\Travela.WebUI.csproj", "{4D3E1E92-F74F-4064-A717-0458B55A9D8D}"
EndProject
Global
	GlobalSection(SolutionConfigurationPlatforms) = preSolution
		Debug|Any CPU = Debug|Any CPU
		Release|Any CPU = Release|Any CPU
	EndGlobalSection
	GlobalSection(ProjectConfigurationPlatforms) = postSolution
		{741B7C5C-03D2-4764-B33C-41F32F48F9B9}.Debug|Any CPU.ActiveCfg = Debug|Any CPU
		{741B7C5C-03D2-4764-B33C-41F32F48F9B9}.Debug|Any CPU.Build.0 = Debug|Any CPU
		{741B7C5C-03D2-4764-B33C-41F32F48F9B9}.Release|Any CPU.ActiveCfg = Release|Any CPU
		{741B7C5C-03D2-4764-B33C-41F32F48F9B9}.Release|Any CPU.Build.0 = Release|Any CPU
		{19BF2A13-9C25-405E-852D-D0D63E5564A5}.Debug|Any CPU.ActiveCfg = Debug|Any CPU
		{19BF2A13-9C25-405E-852D-D0D63E5564A5}.Debug|Any CPU.Build.0 = Debug|Any CPU
		{19BF2A13-9C25-405E-852D-D0D63E5564A5}.Release|Any CPU.ActiveCfg = Release|Any CPU
		{19BF2A13-9C25-405E-852D-D0D63E5564A5}.Release|Any CPU.Build.0 = Release|Any CPU
		{05C86977-4BFC-410A-BCE3-4EA4DEF2BB11}.Debug|Any CPU.ActiveCfg = Debug|Any CPU
		{05C86977-4BFC-410A-BCE3-4EA4DEF2BB11}.Debug|Any CPU.Build.0 = Debug|Any CPU
		{05C86977-4BFC-410A-BCE3-4EA4DEF2BB11}.Release|Any CPU.ActiveCfg = Release|Any CPU
		{05C86977-4BFC-410A-BCE3-4EA4DEF2BB11}.Release|Any CPU.Build.0 = Release|Any CPU
		{63861317-840C-4C04-ABB6-B3E8DC1D7584}.Debug|Any CPU.ActiveCfg = Debug|Any CPU
		{63861317-840C-4C04-ABB6-B3E8DC1D7584}.Debug|Any CPU.Build.0 = Debug|Any CPU
		{63861317-840C-4C04-ABB6-B3E8DC1D7584}.Release|Any CPU.ActiveCfg = Release|Any CPU
		{63861317-840C-4C04-ABB6-B3E8DC1D7584}.Release|Any CPU.Build.0 = Release|Any CPU
		{4D3E1E92-F74F-4064-A717-0458B55A9D8D}.Debug|Any CPU.ActiveCfg = Debug|Any CPU
		{4D3E1E92-F74F-4064-A717-0458B55A9D8D}.Debug|Any CPU.Build.0 = Debug|Any CPU
		{4D3E1E92-F74F-4064-A717-0458B55A9D8D}.Release|Any CPU.ActiveCfg = Release|Any CPU
		{4D3E1E92-F74F-4064-A717-0458B55A9D8D}.Release|Any CPU.Build.0 = Release|Any CPU
	EndGlobalSection
	GlobalSection(SolutionProperties) = preSolution
		HideSolutionNode = FALSE
	EndGlobalSection
	GlobalSection(ExtensibilityGlobals) = postSolution
		SolutionGuid = {09D6F985-A35B-4B58-9F2A-2FC6440E1A7C}
	EndGlobalSection
EndGlobal
